// !$*UTF8*$!
{
	archiveVersion = 1;
	classes = {
	};
	objectVersion = 56;
	objects = {

/* Begin PBXBuildFile section */
		412111CC2A7EFF46000FB84A /* AccessibilityHWSApp.swift in Sources */ = {isa = PBXBuildFile; fileRef = 412111CB2A7EFF46000FB84A /* AccessibilityHWSApp.swift */; };
		412111CE2A7EFF46000FB84A /* ContentView.swift in Sources */ = {isa = PBXBuildFile; fileRef = 412111CD2A7EFF46000FB84A /* ContentView.swift */; };
		412111D02A7EFF48000FB84A /* Assets.xcassets in Resources */ = {isa = PBXBuildFile; fileRef = 412111CF2A7EFF48000FB84A /* Assets.xcassets */; };
		412111D32A7EFF48000FB84A /* Preview Assets.xcassets in Resources */ = {isa = PBXBuildFile; fileRef = 412111D22A7EFF48000FB84A /* Preview Assets.xcassets */; };
		412111DC2A7F0000000FB84A /* IdentifyingViewsWithLabels.swift in Sources */ = {isa = PBXBuildFile; fileRef = 412111DB2A7F0000000FB84A /* IdentifyingViewsWithLabels.swift */; };
		412111DE2A7F0219000FB84A /* HidingGroupingAcessibilityData.swift in Sources */ = {isa = PBXBuildFile; fileRef = 412111DD2A7F0219000FB84A /* HidingGroupingAcessibilityData.swift */; };
		412111E02A7F03F8000FB84A /* ReadingValueControls.swift in Sources */ = {isa = PBXBuildFile; fileRef = 412111DF2A7F03F8000FB84A /* ReadingValueControls.swift */; };
/* End PBXBuildFile section */

/* Begin PBXFileReference section */
		412111C82A7EFF46000FB84A /* AccessibilityHWS.app */ = {isa = PBXFileReference; explicitFileType = wrapper.application; includeInIndex = 0; path = AccessibilityHWS.app; sourceTree = BUILT_PRODUCTS_DIR; };
		412111CB2A7EFF46000FB84A /* AccessibilityHWSApp.swift */ = {isa = PBXFileReference; lastKnownFileType = sourcecode.swift; path = AccessibilityHWSApp.swift; sourceTree = "<group>"; };
		412111CD2A7EFF46000FB84A /* ContentView.swift */ = {isa = PBXFileReference; lastKnownFileType = sourcecode.swift; path = ContentView.swift; sourceTree = "<group>"; };
		412111CF2A7EFF48000FB84A /* Assets.xcassets */ = {isa = PBXFileReference; lastKnownFileType = folder.assetcatalog; path = Assets.xcassets; sourceTree = "<group>"; };
		412111D22A7EFF48000FB84A /* Preview Assets.xcassets */ = {isa = PBXFileReference; lastKnownFileType = folder.assetcatalog; path = "Preview Assets.xcassets"; sourceTree = "<group>"; };
		412111DB2A7F0000000FB84A /* IdentifyingViewsWithLabels.swift */ = {isa = PBXFileReference; lastKnownFileType = sourcecode.swift; path = IdentifyingViewsWithLabels.swift; sourceTree = "<group>"; };
		412111DD2A7F0219000FB84A /* HidingGroupingAcessibilityData.swift */ = {isa = PBXFileReference; lastKnownFileType = sourcecode.swift; path = HidingGroupingAcessibilityData.swift; sourceTree = "<group>"; };
		412111DF2A7F03F8000FB84A /* ReadingValueControls.swift */ = {isa = PBXFileReference; lastKnownFileType = sourcecode.swift; path = ReadingValueControls.swift; sourceTree = "<group>"; };
/* End PBXFileReference section */

/* Begin PBXFrameworksBuildPhase section */
		412111C52A7EFF46000FB84A /* Frameworks */ = {
			isa = PBXFrameworksBuildPhase;
			buildActionMask = 2147483647;
			files = (
			);
			runOnlyForDeploymentPostprocessing = 0;
		};
/* End PBXFrameworksBuildPhase section */

/* Begin PBXGroup section */
		412111BF2A7EFF46000FB84A = {
			isa = PBXGroup;
			children = (
				412111CA2A7EFF46000FB84A /* AccessibilityHWS */,
				412111C92A7EFF46000FB84A /* Products */,
			);
			sourceTree = "<group>";
		};
		412111C92A7EFF46000FB84A /* Products */ = {
			isa = PBXGroup;
			children = (
				412111C82A7EFF46000FB84A /* AccessibilityHWS.app */,
			);
			name = Products;
			sourceTree = "<group>";
		};
		412111CA2A7EFF46000FB84A /* AccessibilityHWS */ = {
			isa = PBXGroup;
			children = (
				412111CB2A7EFF46000FB84A /* AccessibilityHWSApp.swift */,
				412111CD2A7EFF46000FB84A /* ContentView.swift */,
				412111DB2A7F0000000FB84A /* IdentifyingViewsWithLabels.swift */,
				412111DD2A7F0219000FB84A /* HidingGroupingAcessibilityData.swift */,
				412111DF2A7F03F8000FB84A /* ReadingValueControls.swift */,
				412111CF2A7EFF48000FB84A /* Assets.xcassets */,
				412111D12A7EFF48000FB84A /* Preview Content */,
			);
			path = AccessibilityHWS;
			sourceTree = "<group>";
		};
		412111D12A7EFF48000FB84A /* Preview Content */ = {
			isa = PBXGroup;
			children = (
				412111D22A7EFF48000FB84A /* Preview Assets.xcassets */,
			);
			path = "Preview Content";
			sourceTree = "<group>";
		};
/* End PBXGroup section */

/* Begin PBXNativeTarget section */
		412111C72A7EFF46000FB84A /* AccessibilityHWS */ = {
			isa = PBXNativeTarget;
			buildConfigurationList = 412111D62A7EFF48000FB84A /* Build configuration list for PBXNativeTarget "AccessibilityHWS" */;
			buildPhases = (
				412111C42A7EFF46000FB84A /* Sources */,
				412111C52A7EFF46000FB84A /* Frameworks */,
				412111C62A7EFF46000FB84A /* Resources */,
			);
			buildRules = (
			);
			dependencies = (
			);
			name = AccessibilityHWS;
			productName = AccessibilityHWS;
			productReference = 412111C82A7EFF46000FB84A /* AccessibilityHWS.app */;
			productType = "com.apple.product-type.application";
		};
/* End PBXNativeTarget section */

/* Begin PBXProject section */
		412111C02A7EFF46000FB84A /* Project object */ = {
			isa = PBXProject;
			attributes = {
				BuildIndependentTargetsInParallel = 1;
				LastSwiftUpdateCheck = 1430;
				LastUpgradeCheck = 1430;
				TargetAttributes = {
					412111C72A7EFF46000FB84A = {
						CreatedOnToolsVersion = 14.3.1;
					};
				};
			};
			buildConfigurationList = 412111C32A7EFF46000FB84A /* Build configuration list for PBXProject "AccessibilityHWS" */;
			compatibilityVersion = "Xcode 14.0";
			developmentRegion = en;
			hasScannedForEncodings = 0;
			knownRegions = (
				en,
				Base,
			);
			mainGroup = 412111BF2A7EFF46000FB84A;
			productRefGroup = 412111C92A7EFF46000FB84A /* Products */;
			projectDirPath = "";
			projectRoot = "";
			targets = (
				412111C72A7EFF46000FB84A /* AccessibilityHWS */,
			);
		};
/* End PBXProject section */

/* Begin PBXResourcesBuildPhase section */
		412111C62A7EFF46000FB84A /* Resources */ = {
			isa = PBXResourcesBuildPhase;
			buildActionMask = 2147483647;
			files = (
				412111D32A7EFF48000FB84A /* Preview Assets.xcassets in Resources */,
				412111D02A7EFF48000FB84A /* Assets.xcassets in Resources */,
			);
			runOnlyForDeploymentPostprocessing = 0;
		};
/* End PBXResourcesBuildPhase section */

/* Begin PBXSourcesBuildPhase section */
		412111C42A7EFF46000FB84A /* Sources */ = {
			isa = PBXSourcesBuildPhase;
			buildActionMask = 2147483647;
			files = (
				412111DE2A7F0219000FB84A /* HidingGroupingAcessibilityData.swift in Sources */,
				412111CE2A7EFF46000FB84A /* ContentView.swift in Sources */,
				412111E02A7F03F8000FB84A /* ReadingValueControls.swift in Sources */,
				412111DC2A7F0000000FB84A /* IdentifyingViewsWithLabels.swift in Sources */,
				412111CC2A7EFF46000FB84A /* AccessibilityHWSApp.swift in Sources */,
			);
			runOnlyForDeploymentPostprocessing = 0;
		};
/* End PBXSourcesBuildPhase section */

/* Begin XCBuildConfiguration section */
		412111D42A7EFF48000FB84A /* Debug */ = {
			isa = XCBuildConfiguration;
			buildSettings = {
				ALWAYS_SEARCH_USER_PATHS = NO;
				CLANG_ANALYZER_NONNULL = YES;
				CLANG_ANALYZER_NUMBER_OBJECT_CONVERSION = YES_AGGRESSIVE;
				CLANG_CXX_LANGUAGE_STANDARD = "gnu++20";
				CLANG_ENABLE_MODULES = YES;
				CLANG_ENABLE_OBJC_ARC = YES;
				CLANG_ENABLE_OBJC_WEAK = YES;
				CLANG_WARN_BLOCK_CAPTURE_AUTORELEASING = YES;
				CLANG_WARN_BOOL_CONVERSION = YES;
				CLANG_WARN_COMMA = YES;
				CLANG_WARN_CONSTANT_CONVERSION = YES;
				CLANG_WARN_DEPRECATED_OBJC_IMPLEMENTATIONS = YES;
				CLANG_WARN_DIRECT_OBJC_ISA_USAGE = YES_ERROR;
				CLANG_WARN_DOCUMENTATION_COMMENTS = YES;
				CLANG_WARN_EMPTY_BODY = YES;
				CLANG_WARN_ENUM_CONVERSION = YES;
				CLANG_WARN_INFINITE_RECURSION = YES;
				CLANG_WARN_INT_CONVERSION = YES;
				CLANG_WARN_NON_LITERAL_NULL_CONVERSION = YES;
				CLANG_WARN_OBJC_IMPLICIT_RETAIN_SELF = YES;
				CLANG_WARN_OBJC_LITERAL_CONVERSION = YES;
				CLANG_WARN_OBJC_ROOT_CLASS = YES_ERROR;
				CLANG_WARN_QUOTED_INCLUDE_IN_FRAMEWORK_HEADER = YES;
				CLANG_WARN_RANGE_LOOP_ANALYSIS = YES;
				CLANG_WARN_STRICT_PROTOTYPES = YES;
				CLANG_WARN_SUSPICIOUS_MOVE = YES;
				CLANG_WARN_UNGUARDED_AVAILABILITY = YES_AGGRESSIVE;
				CLANG_WARN_UNREACHABLE_CODE = YES;
				CLANG_WARN__DUPLICATE_METHOD_MATCH = YES;
				COPY_PHASE_STRIP = NO;
				DEBUG_INFORMATION_FORMAT = dwarf;
				ENABLE_STRICT_OBJC_MSGSEND = YES;
				ENABLE_TESTABILITY = YES;
				GCC_C_LANGUAGE_STANDARD = gnu11;
				GCC_DYNAMIC_NO_PIC = NO;
				GCC_NO_COMMON_BLOCKS = YES;
				GCC_OPTIMIZATION_LEVEL = 0;
				GCC_PREPROCESSOR_DEFINITIONS = (
					"DEBUG=1",
					"$(inherited)",
				);
				GCC_WARN_64_TO_32_BIT_CONVERSION = YES;
				GCC_WARN_ABOUT_RETURN_TYPE = YES_ERROR;
				GCC_WARN_UNDECLARED_SELECTOR = YES;
				GCC_WARN_UNINITIALIZED_AUTOS = YES_AGGRESSIVE;
				GCC_WARN_UNUSED_FUNCTION = YES;
				GCC_WARN_UNUSED_VARIABLE = YES;
				IPHONEOS_DEPLOYMENT_TARGET = 16.4;
				MTL_ENABLE_DEBUG_INFO = INCLUDE_SOURCE;
				MTL_FAST_MATH = YES;
				ONLY_ACTIVE_ARCH = YES;
				SDKROOT = iphoneos;
				SWIFT_ACTIVE_COMPILATION_CONDITIONS = DEBUG;
				SWIFT_OPTIMIZATION_LEVEL = "-Onone";
			};
			name = Debug;
		};
		412111D52A7EFF48000FB84A /* Release */ = {
			isa = XCBuildConfiguration;
			buildSettings = {
				ALWAYS_SEARCH_USER_PATHS = NO;
				CLANG_ANALYZER_NONNULL = YES;
				CLANG_ANALYZER_NUMBER_OBJECT_CONVERSION = YES_AGGRESSIVE;
				CLANG_CXX_LANGUAGE_STANDARD = "gnu++20";
				CLANG_ENABLE_MODULES = YES;
				CLANG_ENABLE_OBJC_ARC = YES;
				CLANG_ENABLE_OBJC_WEAK = YES;
				CLANG_WARN_BLOCK_CAPTURE_AUTORELEASING = YES;
				CLANG_WARN_BOOL_CONVERSION = YES;
				CLANG_WARN_COMMA = YES;
				CLANG_WARN_CONSTANT_CONVERSION = YES;
				CLANG_WARN_DEPRECATED_OBJC_IMPLEMENTATIONS = YES;
				CLANG_WARN_DIRECT_OBJC_ISA_USAGE = YES_ERROR;
				CLANG_WARN_DOCUMENTATION_COMMENTS = YES;
				CLANG_WARN_EMPTY_BODY = YES;
				CLANG_WARN_ENUM_CONVERSION = YES;
				CLANG_WARN_INFINITE_RECURSION = YES;
				CLANG_WARN_INT_CONVERSION = YES;
				CLANG_WARN_NON_LITERAL_NULL_CONVERSION = YES;
				CLANG_WARN_OBJC_IMPLICIT_RETAIN_SELF = YES;
				CLANG_WARN_OBJC_LITERAL_CONVERSION = YES;
				CLANG_WARN_OBJC_ROOT_CLASS = YES_ERROR;
				CLANG_WARN_QUOTED_INCLUDE_IN_FRAMEWORK_HEADER = YES;
				CLANG_WARN_RANGE_LOOP_ANALYSIS = YES;
				CLANG_WARN_STRICT_PROTOTYPES = YES;
				CLANG_WARN_SUSPICIOUS_MOVE = YES;
				CLANG_WARN_UNGUARDED_AVAILABILITY = YES_AGGRESSIVE;
				CLANG_WARN_UNREACHABLE_CODE = YES;
				CLANG_WARN__DUPLICATE_METHOD_MATCH = YES;
				COPY_PHASE_STRIP = NO;
				DEBUG_INFORMATION_FORMAT = "dwarf-with-dsym";
				ENABLE_NS_ASSERTIONS = NO;
				ENABLE_STRICT_OBJC_MSGSEND = YES;
				GCC_C_LANGUAGE_STANDARD = gnu11;
				GCC_NO_COMMON_BLOCKS = YES;
				GCC_WARN_64_TO_32_BIT_CONVERSION = YES;
				GCC_WARN_ABOUT_RETURN_TYPE = YES_ERROR;
				GCC_WARN_UNDECLARED_SELECTOR = YES;
				GCC_WARN_UNINITIALIZED_AUTOS = YES_AGGRESSIVE;
				GCC_WARN_UNUSED_FUNCTION = YES;
				GCC_WARN_UNUSED_VARIABLE = YES;
				IPHONEOS_DEPLOYMENT_TARGET = 16.4;
				MTL_ENABLE_DEBUG_INFO = NO;
				MTL_FAST_MATH = YES;
				SDKROOT = iphoneos;
				SWIFT_COMPILATION_MODE = wholemodule;
				SWIFT_OPTIMIZATION_LEVEL = "-O";
				VALIDATE_PRODUCT = YES;
			};
			name = Release;
		};
		412111D72A7EFF48000FB84A /* Debug */ = {
			isa = XCBuildConfiguration;
			buildSettings = {
				ASSETCATALOG_COMPILER_APPICON_NAME = AppIcon;
				ASSETCATALOG_COMPILER_GLOBAL_ACCENT_COLOR_NAME = AccentColor;
				CODE_SIGN_STYLE = Automatic;
				CURRENT_PROJECT_VERSION = 1;
				DEVELOPMENT_ASSET_PATHS = "\"AccessibilityHWS/Preview Content\"";
				DEVELOPMENT_TEAM = CWCBRR328H;
				ENABLE_PREVIEWS = YES;
				GENERATE_INFOPLIST_FILE = YES;
				INFOPLIST_KEY_UIApplicationSceneManifest_Generation = YES;
				INFOPLIST_KEY_UIApplicationSupportsIndirectInputEvents = YES;
				INFOPLIST_KEY_UILaunchScreen_Generation = YES;
				INFOPLIST_KEY_UISupportedInterfaceOrientations_iPad = "UIInterfaceOrientationPortrait UIInterfaceOrientationPortraitUpsideDown UIInterfaceOrientationLandscapeLeft UIInterfaceOrientationLandscapeRight";
				INFOPLIST_KEY_UISupportedInterfaceOrientations_iPhone = "UIInterfaceOrientationPortrait UIInterfaceOrientationLandscapeLeft UIInterfaceOrientationLandscapeRight";
				LD_RUNPATH_SEARCH_PATHS = (
					"$(inherited)",
					"@executable_path/Frameworks",
				);
				MARKETING_VERSION = 1.0;
				PRODUCT_BUNDLE_IDENTIFIER = BJ914.AccessibilityHWS;
				PRODUCT_NAME = "$(TARGET_NAME)";
				SWIFT_EMIT_LOC_STRINGS = YES;
				SWIFT_VERSION = 5.0;
				TARGETED_DEVICE_FAMILY = "1,2";
			};
			name = Debug;
		};
		412111D82A7EFF48000FB84A /* Release */ = {
			isa = XCBuildConfiguration;
			buildSettings = {
				ASSETCATALOG_COMPILER_APPICON_NAME = AppIcon;
				ASSETCATALOG_COMPILER_GLOBAL_ACCENT_COLOR_NAME = AccentColor;
				CODE_SIGN_STYLE = Automatic;
				CURRENT_PROJECT_VERSION = 1;
				DEVELOPMENT_ASSET_PATHS = "\"AccessibilityHWS/Preview Content\"";
				DEVELOPMENT_TEAM = CWCBRR328H;
				ENABLE_PREVIEWS = YES;
				GENERATE_INFOPLIST_FILE = YES;
				INFOPLIST_KEY_UIApplicationSceneManifest_Generation = YES;
				INFOPLIST_KEY_UIApplicationSupportsIndirectInputEvents = YES;
				INFOPLIST_KEY_UILaunchScreen_Generation = YES;
				INFOPLIST_KEY_UISupportedInterfaceOrientations_iPad = "UIInterfaceOrientationPortrait UIInterfaceOrientationPortraitUpsideDown UIInterfaceOrientationLandscapeLeft UIInterfaceOrientationLandscapeRight";
				INFOPLIST_KEY_UISupportedInterfaceOrientations_iPhone = "UIInterfaceOrientationPortrait UIInterfaceOrientationLandscapeLeft UIInterfaceOrientationLandscapeRight";
				LD_RUNPATH_SEARCH_PATHS = (
					"$(inherited)",
					"@executable_path/Frameworks",
				);
				MARKETING_VERSION = 1.0;
				PRODUCT_BUNDLE_IDENTIFIER = BJ914.AccessibilityHWS;
				PRODUCT_NAME = "$(TARGET_NAME)";
				SWIFT_EMIT_LOC_STRINGS = YES;
				SWIFT_VERSION = 5.0;
				TARGETED_DEVICE_FAMILY = "1,2";
			};
			name = Release;
		};
/* End XCBuildConfiguration section */

/* Begin XCConfigurationList section */
		412111C32A7EFF46000FB84A /* Build configuration list for PBXProject "AccessibilityHWS" */ = {
			isa = XCConfigurationList;
			buildConfigurations = (
				412111D42A7EFF48000FB84A /* Debug */,
				412111D52A7EFF48000FB84A /* Release */,
			);
			defaultConfigurationIsVisible = 0;
			defaultConfigurationName = Release;
		};
		412111D62A7EFF48000FB84A /* Build configuration list for PBXNativeTarget "AccessibilityHWS" */ = {
			isa = XCConfigurationList;
			buildConfigurations = (
				412111D72A7EFF48000FB84A /* Debug */,
				412111D82A7EFF48000FB84A /* Release */,
			);
			defaultConfigurationIsVisible = 0;
			defaultConfigurationName = Release;
		};
/* End XCConfigurationList section */
	};
	rootObject = 412111C02A7EFF46000FB84A /* Project object */;
}
